
Microsoft Visual Studio Solution File, Format Version 12.00
# Visual Studio 14
VisualStudioVersion = 14.0.25420.1
MinimumVisualStudioVersion = 10.0.40219.1
Project("{FAE04EC0-301F-11D3-BF4B-00C04F79EFBC}") = "WeatherGuru.Droid", "WeatherGuru\WeatherGuru.Droid\WeatherGuru.Droid.csproj", "{67E46180-2A10-4A8E-8BBF-992C69951BAA}"
EndProject
Project("{FAE04EC0-301F-11D3-BF4B-00C04F79EFBC}") = "WeatherGuru.iOS", "WeatherGuru\WeatherGuru.iOS\WeatherGuru.iOS.csproj", "{3C665589-7A94-4A66-A6E3-2893E38E9F1F}"
EndProject
Project("{FAE04EC0-301F-11D3-BF4B-00C04F79EFBC}") = "WeatherGuru.WinPhone", "WeatherGuru\WeatherGuru.WinPhone\WeatherGuru.WinPhone.csproj", "{3261177A-3DEA-4360-8386-34AF45FD9611}"
EndProject
Project("{FAE04EC0-301F-11D3-BF4B-00C04F79EFBC}") = "WeatherGuru", "WeatherGuru\WeatherGuru\WeatherGuru.csproj", "{1996EAF1-5BFA-4138-8093-18F3FCC7D473}"
EndProject
Global
	GlobalSection(SolutionConfigurationPlatforms) = preSolution
		Debug|Any CPU = Debug|Any CPU
		Debug|ARM = Debug|ARM
		Debug|iPhone = Debug|iPhone
		Debug|iPhoneSimulator = Debug|iPhoneSimulator
		Debug|x86 = Debug|x86
		Release|Any CPU = Release|Any CPU
		Release|ARM = Release|ARM
		Release|iPhone = Release|iPhone
		Release|iPhoneSimulator = Release|iPhoneSimulator
		Release|x86 = Release|x86
	EndGlobalSection
	GlobalSection(ProjectConfigurationPlatforms) = postSolution
		{67E46180-2A10-4A8E-8BBF-992C69951BAA}.Debug|Any CPU.ActiveCfg = Debug|Any CPU
		{67E46180-2A10-4A8E-8BBF-992C69951BAA}.Debug|Any CPU.Build.0 = Debug|Any CPU
		{67E46180-2A10-4A8E-8BBF-992C69951BAA}.Debug|Any CPU.Deploy.0 = Debug|Any CPU
		{67E46180-2A10-4A8E-8BBF-992C69951BAA}.Debug|ARM.ActiveCfg = Debug|Any CPU
		{67E46180-2A10-4A8E-8BBF-992C69951BAA}.Debug|ARM.Build.0 = Debug|Any CPU
		{67E46180-2A10-4A8E-8BBF-992C69951BAA}.Debug|ARM.Deploy.0 = Debug|Any CPU
		{67E46180-2A10-4A8E-8BBF-992C69951BAA}.Debug|iPhone.ActiveCfg = Debug|Any CPU
		{67E46180-2A10-4A8E-8BBF-992C69951BAA}.Debug|iPhone.Build.0 = Debug|Any CPU
		{67E46180-2A10-4A8E-8BBF-992C69951BAA}.Debug|iPhone.Deploy.0 = Debug|Any CPU
		{67E46180-2A10-4A8E-8BBF-992C69951BAA}.Debug|iPhoneSimulator.ActiveCfg = Debug|Any CPU
		{67E46180-2A10-4A8E-8BBF-992C69951BAA}.Debug|iPhoneSimulator.Build.0 = Debug|Any CPU
		{67E46180-2A10-4A8E-8BBF-992C69951BAA}.Debug|iPhoneSimulator.Deploy.0 = Debug|Any CPU
		{67E46180-2A10-4A8E-8BBF-992C69951BAA}.Debug|x86.ActiveCfg = Debug|Any CPU
		{67E46180-2A10-4A8E-8BBF-992C69951BAA}.Debug|x86.Build.0 = Debug|Any CPU
		{67E46180-2A10-4A8E-8BBF-992C69951BAA}.Debug|x86.Deploy.0 = Debug|Any CPU
		{67E46180-2A10-4A8E-8BBF-992C69951BAA}.Release|Any CPU.ActiveCfg = Release|Any CPU
		{67E46180-2A10-4A8E-8BBF-992C69951BAA}.Release|Any CPU.Build.0 = Release|Any CPU
		{67E46180-2A10-4A8E-8BBF-992C69951BAA}.Release|Any CPU.Deploy.0 = Release|Any CPU
		{67E46180-2A10-4A8E-8BBF-992C69951BAA}.Release|ARM.ActiveCfg = Release|Any CPU
		{67E46180-2A10-4A8E-8BBF-992C69951BAA}.Release|ARM.Build.0 = Release|Any CPU
		{67E46180-2A10-4A8E-8BBF-992C69951BAA}.Release|ARM.Deploy.0 = Release|Any CPU
		{67E46180-2A10-4A8E-8BBF-992C69951BAA}.Release|iPhone.ActiveCfg = Release|Any CPU
		{67E46180-2A10-4A8E-8BBF-992C69951BAA}.Release|iPhone.Build.0 = Release|Any CPU
		{67E46180-2A10-4A8E-8BBF-992C69951BAA}.Release|iPhone.Deploy.0 = Release|Any CPU
		{67E46180-2A10-4A8E-8BBF-992C69951BAA}.Release|iPhoneSimulator.ActiveCfg = Release|Any CPU
		{67E46180-2A10-4A8E-8BBF-992C69951BAA}.Release|iPhoneSimulator.Build.0 = Release|Any CPU
		{67E46180-2A10-4A8E-8BBF-992C69951BAA}.Release|iPhoneSimulator.Deploy.0 = Release|Any CPU
		{67E46180-2A10-4A8E-8BBF-992C69951BAA}.Release|x86.ActiveCfg = Release|Any CPU
		{67E46180-2A10-4A8E-8BBF-992C69951BAA}.Release|x86.Build.0 = Release|Any CPU
		{67E46180-2A10-4A8E-8BBF-992C69951BAA}.Release|x86.Deploy.0 = Release|Any CPU
		{3C665589-7A94-4A66-A6E3-2893E38E9F1F}.Debug|Any CPU.ActiveCfg = Debug|iPhone
		{3C665589-7A94-4A66-A6E3-2893E38E9F1F}.Debug|ARM.ActiveCfg = Debug|iPhone
		{3C665589-7A94-4A66-A6E3-2893E38E9F1F}.Debug|iPhone.ActiveCfg = Debug|iPhone
		{3C665589-7A94-4A66-A6E3-2893E38E9F1F}.Debug|iPhone.Build.0 = Debug|iPhone
		{3C665589-7A94-4A66-A6E3-2893E38E9F1F}.Debug|iPhoneSimulator.ActiveCfg = Debug|iPhoneSimulator
		{3C665589-7A94-4A66-A6E3-2893E38E9F1F}.Debug|iPhoneSimulator.Build.0 = Debug|iPhoneSimulator
		{3C665589-7A94-4A66-A6E3-2893E38E9F1F}.Debug|x86.ActiveCfg = Debug|iPhone
		{3C665589-7A94-4A66-A6E3-2893E38E9F1F}.Release|Any CPU.ActiveCfg = Release|iPhone
		{3C665589-7A94-4A66-A6E3-2893E38E9F1F}.Release|ARM.ActiveCfg = Release|iPhone
		{3C665589-7A94-4A66-A6E3-2893E38E9F1F}.Release|iPhone.ActiveCfg = Release|iPhone
		{3C665589-7A94-4A66-A6E3-2893E38E9F1F}.Release|iPhone.Build.0 = Release|iPhone
		{3C665589-7A94-4A66-A6E3-2893E38E9F1F}.Release|iPhoneSimulator.ActiveCfg = Release|iPhoneSimulator
		{3C665589-7A94-4A66-A6E3-2893E38E9F1F}.Release|iPhoneSimulator.Build.0 = Release|iPhoneSimulator
		{3C665589-7A94-4A66-A6E3-2893E38E9F1F}.Release|x86.ActiveCfg = Release|iPhone
		{3261177A-3DEA-4360-8386-34AF45FD9611}.Debug|Any CPU.ActiveCfg = Debug|Any CPU
		{3261177A-3DEA-4360-8386-34AF45FD9611}.Debug|Any CPU.Build.0 = Debug|Any CPU
		{3261177A-3DEA-4360-8386-34AF45FD9611}.Debug|Any CPU.Deploy.0 = Debug|Any CPU
		{3261177A-3DEA-4360-8386-34AF45FD9611}.Debug|ARM.ActiveCfg = Debug|ARM
		{3261177A-3DEA-4360-8386-34AF45FD9611}.Debug|ARM.Build.0 = Debug|ARM
		{3261177A-3DEA-4360-8386-34AF45FD9611}.Debug|ARM.Deploy.0 = Debug|ARM
		{3261177A-3DEA-4360-8386-34AF45FD9611}.Debug|iPhone.ActiveCfg = Debug|Any CPU
		{3261177A-3DEA-4360-8386-34AF45FD9611}.Debug|iPhone.Build.0 = Debug|Any CPU
		{3261177A-3DEA-4360-8386-34AF45FD9611}.Debug|iPhone.Deploy.0 = Debug|Any CPU
		{3261177A-3DEA-4360-8386-34AF45FD9611}.Debug|iPhoneSimulator.ActiveCfg = Debug|Any CPU
		{3261177A-3DEA-4360-8386-34AF45FD9611}.Debug|iPhoneSimulator.Build.0 = Debug|Any CPU
		{3261177A-3DEA-4360-8386-34AF45FD9611}.Debug|iPhoneSimulator.Deploy.0 = Debug|Any CPU
		{3261177A-3DEA-4360-8386-34AF45FD9611}.Debug|x86.ActiveCfg = Debug|x86
		{3261177A-3DEA-4360-8386-34AF45FD9611}.Debug|x86.Build.0 = Debug|x86
		{3261177A-3DEA-4360-8386-34AF45FD9611}.Debug|x86.Deploy.0 = Debug|x86
		{3261177A-3DEA-4360-8386-34AF45FD9611}.Release|Any CPU.ActiveCfg = Release|Any CPU
		{3261177A-3DEA-4360-8386-34AF45FD9611}.Release|Any CPU.Build.0 = Release|Any CPU
		{3261177A-3DEA-4360-8386-34AF45FD9611}.Release|Any CPU.Deploy.0 = Release|Any CPU
		{3261177A-3DEA-4360-8386-34AF45FD9611}.Release|ARM.ActiveCfg = Release|ARM
		{3261177A-3DEA-4360-8386-34AF45FD9611}.Release|ARM.Build.0 = Release|ARM
		{3261177A-3DEA-4360-8386-34AF45FD9611}.Release|ARM.Deploy.0 = Release|ARM
		{3261177A-3DEA-4360-8386-34AF45FD9611}.Release|iPhone.ActiveCfg = Release|Any CPU
		{3261177A-3DEA-4360-8386-34AF45FD9611}.Release|iPhone.Build.0 = Release|Any CPU
		{3261177A-3DEA-4360-8386-34AF45FD9611}.Release|iPhone.Deploy.0 = Release|Any CPU
		{3261177A-3DEA-4360-8386-34AF45FD9611}.Release|iPhoneSimulator.ActiveCfg = Release|Any CPU
		{3261177A-3DEA-4360-8386-34AF45FD9611}.Release|iPhoneSimulator.Build.0 = Release|Any CPU
		{3261177A-3DEA-4360-8386-34AF45FD9611}.Release|iPhoneSimulator.Deploy.0 = Release|Any CPU
		{3261177A-3DEA-4360-8386-34AF45FD9611}.Release|x86.ActiveCfg = Release|x86
		{3261177A-3DEA-4360-8386-34AF45FD9611}.Release|x86.Build.0 = Release|x86
		{3261177A-3DEA-4360-8386-34AF45FD9611}.Release|x86.Deploy.0 = Release|x86
		{1996EAF1-5BFA-4138-8093-18F3FCC7D473}.Debug|Any CPU.ActiveCfg = Debug|Any CPU
		{1996EAF1-5BFA-4138-8093-18F3FCC7D473}.Debug|Any CPU.Build.0 = Debug|Any CPU
		{1996EAF1-5BFA-4138-8093-18F3FCC7D473}.Debug|ARM.ActiveCfg = Debug|Any CPU
		{1996EAF1-5BFA-4138-8093-18F3FCC7D473}.Debug|ARM.Build.0 = Debug|Any CPU
		{1996EAF1-5BFA-4138-8093-18F3FCC7D473}.Debug|iPhone.ActiveCfg = Debug|Any CPU
		{1996EAF1-5BFA-4138-8093-18F3FCC7D473}.Debug|iPhone.Build.0 = Debug|Any CPU
		{1996EAF1-5BFA-4138-8093-18F3FCC7D473}.Debug|iPhoneSimulator.ActiveCfg = Debug|Any CPU
		{1996EAF1-5BFA-4138-8093-18F3FCC7D473}.Debug|iPhoneSimulator.Build.0 = Debug|Any CPU
		{1996EAF1-5BFA-4138-8093-18F3FCC7D473}.Debug|x86.ActiveCfg = Debug|Any CPU
		{1996EAF1-5BFA-4138-8093-18F3FCC7D473}.Debug|x86.Build.0 = Debug|Any CPU
		{1996EAF1-5BFA-4138-8093-18F3FCC7D473}.Release|Any CPU.ActiveCfg = Release|Any CPU
		{1996EAF1-5BFA-4138-8093-18F3FCC7D473}.Release|Any CPU.Build.0 = Release|Any CPU
		{1996EAF1-5BFA-4138-8093-18F3FCC7D473}.Release|ARM.ActiveCfg = Release|Any CPU
		{1996EAF1-5BFA-4138-8093-18F3FCC7D473}.Release|ARM.Build.0 = Release|Any CPU
		{1996EAF1-5BFA-4138-8093-18F3FCC7D473}.Release|iPhone.ActiveCfg = Release|Any CPU
		{1996EAF1-5BFA-4138-8093-18F3FCC7D473}.Release|iPhone.Build.0 = Release|Any CPU
		{1996EAF1-5BFA-4138-8093-18F3FCC7D473}.Release|iPhoneSimulator.ActiveCfg = Release|Any CPU
		{1996EAF1-5BFA-4138-8093-18F3FCC7D473}.Release|iPhoneSimulator.Build.0 = Release|Any CPU
		{1996EAF1-5BFA-4138-8093-18F3FCC7D473}.Release|x86.ActiveCfg = Release|Any CPU
		{1996EAF1-5BFA-4138-8093-18F3FCC7D473}.Release|x86.Build.0 = Release|Any CPU
	EndGlobalSection
	GlobalSection(SolutionProperties) = preSolution
		HideSolutionNode = FALSE
	EndGlobalSection
EndGlobal
